
Microsoft Visual Studio Solution File, Format Version 12.00
# Visual Studio 2015
Project("{FAE04EC0-301F-11D3-BF4B-00C04F79EFBC}") = "RPG 1.CSharp", "RPG 1.CSharp.csproj", "{861FB713-914B-146F-B978-ABABA62D717B}"
EndProject
Project("{FAE04EC0-301F-11D3-BF4B-00C04F79EFBC}") = "RPG 1.CSharp.Editor", "RPG 1.CSharp.Editor.csproj", "{58AAEFEB-B175-3DEA-C8EC-F099D9278559}"
EndProject
Global
	GlobalSection(SolutionConfigurationPlatforms) = preSolution
		Debug|Any CPU = Debug|Any CPU
		Release|Any CPU = Release|Any CPU
	EndGlobalSection
	GlobalSection(ProjectConfigurationPlatforms) = postSolution
		{861FB713-914B-146F-B978-ABABA62D717B}.Debug|Any CPU.ActiveCfg = Debug|Any CPU
		{861FB713-914B-146F-B978-ABABA62D717B}.Debug|Any CPU.Build.0 = Debug|Any CPU
		{861FB713-914B-146F-B978-ABABA62D717B}.Release|Any CPU.ActiveCfg = Release|Any CPU
		{861FB713-914B-146F-B978-ABABA62D717B}.Release|Any CPU.Build.0 = Release|Any CPU
		{58AAEFEB-B175-3DEA-C8EC-F099D9278559}.Debug|Any CPU.ActiveCfg = Debug|Any CPU
		{58AAEFEB-B175-3DEA-C8EC-F099D9278559}.Debug|Any CPU.Build.0 = Debug|Any CPU
		{58AAEFEB-B175-3DEA-C8EC-F099D9278559}.Release|Any CPU.ActiveCfg = Release|Any CPU
		{58AAEFEB-B175-3DEA-C8EC-F099D9278559}.Release|Any CPU.Build.0 = Release|Any CPU
	EndGlobalSection
	GlobalSection(SolutionProperties) = preSolution
		HideSolutionNode = FALSE
	EndGlobalSection
EndGlobal
